{
  "version": 4,
  "terraform_version": "0.14.7",
  "serial": 12,
  "lineage": "9d27603e-8fee-71c0-2c52-7d7157d4a7ce",
  "outputs": {},
  "resources": [
    {
      "mode": "managed",
      "type": "google_compute_instance",
      "name": "vm_instance",
      "provider": "provider[\"registry.terraform.io/hashicorp/google\"]",
      "instances": [
        {
          "schema_version": 6,
          "attributes": {
            "allow_stopping_for_update": null,
            "attached_disk": [],
            "boot_disk": [
              {
                "auto_delete": true,
                "device_name": "persistent-disk-0",
                "disk_encryption_key_raw": "",
                "disk_encryption_key_sha256": "",
                "initialize_params": [
                  {
                    "image": "https://www.googleapis.com/compute/v1/projects/ubuntu-os-cloud/global/images/ubuntu-1604-xenial-v20210224",
                    "labels": {},
                    "size": 10,
                    "type": "pd-standard"
                  }
                ],
                "kms_key_self_link": "",
                "mode": "READ_WRITE",
                "source": "https://www.googleapis.com/compute/v1/projects/empyrean-pixel-305606/zones/us-central1-c/disks/terraform-instance"
              }
            ],
            "can_ip_forward": false,
            "confidential_instance_config": [],
            "cpu_platform": "Intel Haswell",
            "current_status": "RUNNING",
            "deletion_protection": false,
            "description": "",
            "desired_status": null,
            "enable_display": false,
            "guest_accelerator": [],
            "hostname": "",
            "id": "projects/empyrean-pixel-305606/zones/us-central1-c/instances/terraform-instance",
            "instance_id": "7565123572664031134",
            "label_fingerprint": "42WmSpB8rSM=",
            "labels": null,
            "machine_type": "f1-micro",
            "metadata": {
              "ssh-keys": "ubuntu:ssh-rsa AAAAB3NzaC1yc2EAAAADAQABAAABAQDAkErDAT5OoPwil5fsZBfkuQFmq1xS6LIu/OP1Nn6P1jiqV/pXN481XiCeKamVIdwhYsb+SKps6XpLyrv/6/MCKelFrqACQhgXeCvtsKJoG2aLQ+4UGiHYYpkga823gRbH9ORX89RcZLM3ZOetRR/dlYrF6E4EIs8/Ko59xxzp5n8hpBsR8px9HXLSZS1NmBMCCms8YDNvo5FDYWUT0LXrA3mPqU6KyL/Hd1F08QPtW2X5QOLwkZJp3cehCNRHbxs7Y3vBs4tpyaGYzXNDOuQrz59vgtMC3okJOt893RWaFJotpyDMvLok2lHz0mvNrNn7F7K0hc8UggktGw2QZPjB tuantaba@vccloud.vn\n"
            },
            "metadata_fingerprint": "1apyF8kiYEw=",
            "metadata_startup_script": "echo tuantb \u003e /test.txt",
            "min_cpu_platform": "",
            "name": "terraform-instance",
            "network_interface": [
              {
                "access_config": [
                  {
                    "nat_ip": "34.67.6.127",
                    "network_tier": "PREMIUM",
                    "public_ptr_domain_name": ""
                  }
                ],
                "alias_ip_range": [],
                "name": "nic0",
                "network": "https://www.googleapis.com/compute/v1/projects/empyrean-pixel-305606/global/networks/default",
                "network_ip": "10.128.0.4",
                "subnetwork": "https://www.googleapis.com/compute/v1/projects/empyrean-pixel-305606/regions/us-central1/subnetworks/default",
                "subnetwork_project": "empyrean-pixel-305606"
              }
            ],
            "project": "empyrean-pixel-305606",
            "resource_policies": null,
            "scheduling": [
              {
                "automatic_restart": true,
                "node_affinities": [],
                "on_host_maintenance": "MIGRATE",
                "preemptible": false
              }
            ],
            "scratch_disk": [],
            "self_link": "https://www.googleapis.com/compute/v1/projects/empyrean-pixel-305606/zones/us-central1-c/instances/terraform-instance",
            "service_account": [],
            "shielded_instance_config": [
              {
                "enable_integrity_monitoring": true,
                "enable_secure_boot": false,
                "enable_vtpm": true
              }
            ],
            "tags": null,
            "tags_fingerprint": "42WmSpB8rSM=",
            "timeouts": null,
            "zone": "us-central1-c"
          },
          "sensitive_attributes": [],
          "private": "eyJlMmJmYjczMC1lY2FhLTExZTYtOGY4OC0zNDM2M2JjN2M0YzAiOnsiY3JlYXRlIjoxMjAwMDAwMDAwMDAwLCJkZWxldGUiOjEyMDAwMDAwMDAwMDAsInVwZGF0ZSI6MTIwMDAwMDAwMDAwMH0sInNjaGVtYV92ZXJzaW9uIjoiNiJ9"
        }
      ]
    }
  ]
}
